
Microsoft Visual Studio Solution File, Format Version 12.00
# Visual Studio 15
VisualStudioVersion = 15.0.28010.2048
MinimumVisualStudioVersion = 10.0.40219.1
Project("{FAE04EC0-301F-11D3-BF4B-00C04F79EFBC}") = "Memento", "Memento\Memento.csproj", "{DCE85630-BF4E-4A11-B2B0-542F359BCD07}"
EndProject
Global
	GlobalSection(SolutionConfigurationPlatforms) = preSolution
		Debug|Any CPU = Debug|Any CPU
		Release|Any CPU = Release|Any CPU
	EndGlobalSection
	GlobalSection(ProjectConfigurationPlatforms) = postSolution
		{DCE85630-BF4E-4A11-B2B0-542F359BCD07}.Debug|Any CPU.ActiveCfg = Debug|Any CPU
		{DCE85630-BF4E-4A11-B2B0-542F359BCD07}.Debug|Any CPU.Build.0 = Debug|Any CPU
		{DCE85630-BF4E-4A11-B2B0-542F359BCD07}.Release|Any CPU.ActiveCfg = Release|Any CPU
		{DCE85630-BF4E-4A11-B2B0-542F359BCD07}.Release|Any CPU.Build.0 = Release|Any CPU
	EndGlobalSection
	GlobalSection(SolutionProperties) = preSolution
		HideSolutionNode = FALSE
	EndGlobalSection
	GlobalSection(ExtensibilityGlobals) = postSolution
		SolutionGuid = {F036FEF6-4E08-49CF-8CD6-BCA9E53A2B5F}
	EndGlobalSection
EndGlobal
